
Microsoft Visual Studio Solution File, Format Version 12.00
# Visual Studio Version 18
VisualStudioVersion = 18.0.11217.181
MinimumVisualStudioVersion = 10.0.40219.1
Project("{9A19103F-16F7-4668-BE54-9A1E7A4F7556}") = "MGH.Core.Application", "src\MGH.Core.Application\MGH.Core.Application.csproj", "{CA2170DB-8B02-4E20-9E77-FF3857A2F717}"
EndProject
Project("{9A19103F-16F7-4668-BE54-9A1E7A4F7556}") = "MGH.Core.CrossCutting", "src\MGH.Core.CrossCutting\MGH.Core.CrossCutting.csproj", "{27F8FB9B-F4D2-4278-9626-7375586FD3CE}"
EndProject
Project("{9A19103F-16F7-4668-BE54-9A1E7A4F7556}") = "MGH.Core.CrossCutting.Logging", "src\MGH.Core.CrossCutting.Logging\MGH.Core.CrossCutting.Logging.csproj", "{C02F4699-754A-474E-9A0C-F0AD128B27BE}"
EndProject
Project("{9A19103F-16F7-4668-BE54-9A1E7A4F7556}") = "MGH.Core.Domain", "src\MGH.Core.Domain\MGH.Core.Domain.csproj", "{9F083D4F-36CB-4C47-B02F-6EA291B6CFF0}"
EndProject
Project("{9A19103F-16F7-4668-BE54-9A1E7A4F7556}") = "MGH.Core.Infrastructure", "src\MGH.Core.Infrastructure\MGH.Core.Infrastructure.csproj", "{7EE72DE7-3970-408C-90E6-FCA586591D42}"
EndProject
Project("{9A19103F-16F7-4668-BE54-9A1E7A4F7556}") = "MGH.Core.Infrastructure.Caching", "src\MGH.Core.Infrastructure.Caching\MGH.Core.Infrastructure.Caching.csproj", "{54934C75-3AB9-4F44-AF5A-2AEC49091D7F}"
EndProject
Project("{9A19103F-16F7-4668-BE54-9A1E7A4F7556}") = "MGH.Core.Infrastructure.ElasticSearch", "src\MGH.Core.Infrastructure.ElasticSearch\MGH.Core.Infrastructure.ElasticSearch.csproj", "{95436043-DD12-4C8D-ABF5-E28EBDB6E802}"
EndProject
Project("{9A19103F-16F7-4668-BE54-9A1E7A4F7556}") = "MGH.Core.Infrastructure.EventBus", "src\MGH.Core.Infrastructure.EventBus\MGH.Core.Infrastructure.EventBus.csproj", "{12AA9F75-8895-465B-9A18-4ABC0EA24920}"
EndProject
Project("{9A19103F-16F7-4668-BE54-9A1E7A4F7556}") = "MGH.Core.Infrastructure.EventBus.RabbitMq", "src\MGH.Core.Infrastructure.EventBus.RabbitMq\MGH.Core.Infrastructure.EventBus.RabbitMq.csproj", "{69F98A79-652E-414C-A7FC-4DA9A7AA708D}"
EndProject
Project("{9A19103F-16F7-4668-BE54-9A1E7A4F7556}") = "MGH.Core.Infrastructure.HttpClient", "src\MGH.Core.Infrastructure.HttpClient\MGH.Core.Infrastructure.HttpClient.csproj", "{3E866250-8701-4EEB-9C3D-208D80506C91}"
EndProject
Project("{9A19103F-16F7-4668-BE54-9A1E7A4F7556}") = "MGH.Core.Infrastructure.Persistence.Dapper", "src\MGH.Core.Infrastructure.Persistence.Dapper\MGH.Core.Infrastructure.Persistence.Dapper.csproj", "{8F675221-DAC9-4428-9D2E-94F30E9B36BC}"
EndProject
Project("{9A19103F-16F7-4668-BE54-9A1E7A4F7556}") = "MGH.Core.Infrastructure.Persistence.EF", "src\MGH.Core.Infrastructure.Persistence.EF\MGH.Core.Infrastructure.Persistence.EF.csproj", "{752DBA32-B77D-43F0-A234-F6F91C6BD2E4}"
EndProject
Project("{9A19103F-16F7-4668-BE54-9A1E7A4F7556}") = "MGH.Core.Infrastructure.Securities", "src\MGH.Core.Infrastructure.Securities\MGH.Core.Infrastructure.Securities.csproj", "{77F698D7-93E6-48E3-B472-FF762362AE8F}"
EndProject
Project("{FAE04EC0-301F-11D3-BF4B-00C04F79EFBC}") = "MGH.Core.Infrastructure.Persistence", "src\MGH.Core.Infrastructure.Persistence\MGH.Core.Infrastructure.Persistence.csproj", "{5808FFB9-B544-C3CA-9698-9D5034FF9F14}"
EndProject
Project("{FAE04EC0-301F-11D3-BF4B-00C04F79EFBC}") = "MGH.Core.Endpoint.Web", "src\MGH.Core.Endpoint.Web\MGH.Core.Endpoint.Web.csproj", "{FD491619-E812-E940-58DB-BD0B9DDF05BB}"
EndProject
Project("{FAE04EC0-301F-11D3-BF4B-00C04F79EFBC}") = "MGH.Core.Infrastructure.Securities.Identity", "src\MGH.Core.Infrastructure.Securities.Identity\MGH.Core.Infrastructure.Securities.Identity.csproj", "{A0FFFCC1-51DE-DB93-CD62-97525A8485ED}"
EndProject
Project("{2150E333-8FDC-42A3-9474-1A3956D46DE8}") = "test", "test", "{A916640D-E281-4AB6-8B7B-EC1B03A87845}"
EndProject
Project("{FAE04EC0-301F-11D3-BF4B-00C04F79EFBC}") = "MGH.Core.Infrastructure.EventBus.RabbitMq.Test", "test\MGH.Core.Infrastructure.EventBus.RabbitMq.Test\MGH.Core.Infrastructure.EventBus.RabbitMq.Test.csproj", "{D0DA226A-703A-4332-94BE-0BBAB4303731}"
EndProject
Project("{2150E333-8FDC-42A3-9474-1A3956D46DE8}") = "src", "src", "{9B651AEA-0576-473A-A50B-7BE91D18DE36}"
EndProject
Global
	GlobalSection(SolutionConfigurationPlatforms) = preSolution
		Debug|Any CPU = Debug|Any CPU
		Release|Any CPU = Release|Any CPU
	EndGlobalSection
	GlobalSection(ProjectConfigurationPlatforms) = postSolution
		{CA2170DB-8B02-4E20-9E77-FF3857A2F717}.Debug|Any CPU.ActiveCfg = Debug|Any CPU
		{CA2170DB-8B02-4E20-9E77-FF3857A2F717}.Debug|Any CPU.Build.0 = Debug|Any CPU
		{CA2170DB-8B02-4E20-9E77-FF3857A2F717}.Release|Any CPU.ActiveCfg = Release|Any CPU
		{CA2170DB-8B02-4E20-9E77-FF3857A2F717}.Release|Any CPU.Build.0 = Release|Any CPU
		{27F8FB9B-F4D2-4278-9626-7375586FD3CE}.Debug|Any CPU.ActiveCfg = Debug|Any CPU
		{27F8FB9B-F4D2-4278-9626-7375586FD3CE}.Debug|Any CPU.Build.0 = Debug|Any CPU
		{27F8FB9B-F4D2-4278-9626-7375586FD3CE}.Release|Any CPU.ActiveCfg = Release|Any CPU
		{27F8FB9B-F4D2-4278-9626-7375586FD3CE}.Release|Any CPU.Build.0 = Release|Any CPU
		{C02F4699-754A-474E-9A0C-F0AD128B27BE}.Debug|Any CPU.ActiveCfg = Debug|Any CPU
		{C02F4699-754A-474E-9A0C-F0AD128B27BE}.Debug|Any CPU.Build.0 = Debug|Any CPU
		{C02F4699-754A-474E-9A0C-F0AD128B27BE}.Release|Any CPU.ActiveCfg = Release|Any CPU
		{C02F4699-754A-474E-9A0C-F0AD128B27BE}.Release|Any CPU.Build.0 = Release|Any CPU
		{9F083D4F-36CB-4C47-B02F-6EA291B6CFF0}.Debug|Any CPU.ActiveCfg = Debug|Any CPU
		{9F083D4F-36CB-4C47-B02F-6EA291B6CFF0}.Debug|Any CPU.Build.0 = Debug|Any CPU
		{9F083D4F-36CB-4C47-B02F-6EA291B6CFF0}.Release|Any CPU.ActiveCfg = Release|Any CPU
		{9F083D4F-36CB-4C47-B02F-6EA291B6CFF0}.Release|Any CPU.Build.0 = Release|Any CPU
		{7EE72DE7-3970-408C-90E6-FCA586591D42}.Debug|Any CPU.ActiveCfg = Debug|Any CPU
		{7EE72DE7-3970-408C-90E6-FCA586591D42}.Debug|Any CPU.Build.0 = Debug|Any CPU
		{7EE72DE7-3970-408C-90E6-FCA586591D42}.Release|Any CPU.ActiveCfg = Release|Any CPU
		{7EE72DE7-3970-408C-90E6-FCA586591D42}.Release|Any CPU.Build.0 = Release|Any CPU
		{54934C75-3AB9-4F44-AF5A-2AEC49091D7F}.Debug|Any CPU.ActiveCfg = Debug|Any CPU
		{54934C75-3AB9-4F44-AF5A-2AEC49091D7F}.Debug|Any CPU.Build.0 = Debug|Any CPU
		{54934C75-3AB9-4F44-AF5A-2AEC49091D7F}.Release|Any CPU.ActiveCfg = Release|Any CPU
		{54934C75-3AB9-4F44-AF5A-2AEC49091D7F}.Release|Any CPU.Build.0 = Release|Any CPU
		{95436043-DD12-4C8D-ABF5-E28EBDB6E802}.Debug|Any CPU.ActiveCfg = Debug|Any CPU
		{95436043-DD12-4C8D-ABF5-E28EBDB6E802}.Debug|Any CPU.Build.0 = Debug|Any CPU
		{95436043-DD12-4C8D-ABF5-E28EBDB6E802}.Release|Any CPU.ActiveCfg = Release|Any CPU
		{95436043-DD12-4C8D-ABF5-E28EBDB6E802}.Release|Any CPU.Build.0 = Release|Any CPU
		{12AA9F75-8895-465B-9A18-4ABC0EA24920}.Debug|Any CPU.ActiveCfg = Debug|Any CPU
		{12AA9F75-8895-465B-9A18-4ABC0EA24920}.Debug|Any CPU.Build.0 = Debug|Any CPU
		{12AA9F75-8895-465B-9A18-4ABC0EA24920}.Release|Any CPU.ActiveCfg = Release|Any CPU
		{12AA9F75-8895-465B-9A18-4ABC0EA24920}.Release|Any CPU.Build.0 = Release|Any CPU
		{69F98A79-652E-414C-A7FC-4DA9A7AA708D}.Debug|Any CPU.ActiveCfg = Debug|Any CPU
		{69F98A79-652E-414C-A7FC-4DA9A7AA708D}.Debug|Any CPU.Build.0 = Debug|Any CPU
		{69F98A79-652E-414C-A7FC-4DA9A7AA708D}.Release|Any CPU.ActiveCfg = Release|Any CPU
		{69F98A79-652E-414C-A7FC-4DA9A7AA708D}.Release|Any CPU.Build.0 = Release|Any CPU
		{3E866250-8701-4EEB-9C3D-208D80506C91}.Debug|Any CPU.ActiveCfg = Debug|Any CPU
		{3E866250-8701-4EEB-9C3D-208D80506C91}.Debug|Any CPU.Build.0 = Debug|Any CPU
		{3E866250-8701-4EEB-9C3D-208D80506C91}.Release|Any CPU.ActiveCfg = Release|Any CPU
		{3E866250-8701-4EEB-9C3D-208D80506C91}.Release|Any CPU.Build.0 = Release|Any CPU
		{8F675221-DAC9-4428-9D2E-94F30E9B36BC}.Debug|Any CPU.ActiveCfg = Debug|Any CPU
		{8F675221-DAC9-4428-9D2E-94F30E9B36BC}.Debug|Any CPU.Build.0 = Debug|Any CPU
		{8F675221-DAC9-4428-9D2E-94F30E9B36BC}.Release|Any CPU.ActiveCfg = Release|Any CPU
		{8F675221-DAC9-4428-9D2E-94F30E9B36BC}.Release|Any CPU.Build.0 = Release|Any CPU
		{752DBA32-B77D-43F0-A234-F6F91C6BD2E4}.Debug|Any CPU.ActiveCfg = Debug|Any CPU
		{752DBA32-B77D-43F0-A234-F6F91C6BD2E4}.Debug|Any CPU.Build.0 = Debug|Any CPU
		{752DBA32-B77D-43F0-A234-F6F91C6BD2E4}.Release|Any CPU.ActiveCfg = Release|Any CPU
		{752DBA32-B77D-43F0-A234-F6F91C6BD2E4}.Release|Any CPU.Build.0 = Release|Any CPU
		{77F698D7-93E6-48E3-B472-FF762362AE8F}.Debug|Any CPU.ActiveCfg = Debug|Any CPU
		{77F698D7-93E6-48E3-B472-FF762362AE8F}.Debug|Any CPU.Build.0 = Debug|Any CPU
		{77F698D7-93E6-48E3-B472-FF762362AE8F}.Release|Any CPU.ActiveCfg = Release|Any CPU
		{77F698D7-93E6-48E3-B472-FF762362AE8F}.Release|Any CPU.Build.0 = Release|Any CPU
		{5808FFB9-B544-C3CA-9698-9D5034FF9F14}.Debug|Any CPU.ActiveCfg = Debug|Any CPU
		{5808FFB9-B544-C3CA-9698-9D5034FF9F14}.Debug|Any CPU.Build.0 = Debug|Any CPU
		{5808FFB9-B544-C3CA-9698-9D5034FF9F14}.Release|Any CPU.ActiveCfg = Release|Any CPU
		{5808FFB9-B544-C3CA-9698-9D5034FF9F14}.Release|Any CPU.Build.0 = Release|Any CPU
		{FD491619-E812-E940-58DB-BD0B9DDF05BB}.Debug|Any CPU.ActiveCfg = Debug|Any CPU
		{FD491619-E812-E940-58DB-BD0B9DDF05BB}.Debug|Any CPU.Build.0 = Debug|Any CPU
		{FD491619-E812-E940-58DB-BD0B9DDF05BB}.Release|Any CPU.ActiveCfg = Release|Any CPU
		{FD491619-E812-E940-58DB-BD0B9DDF05BB}.Release|Any CPU.Build.0 = Release|Any CPU
		{A0FFFCC1-51DE-DB93-CD62-97525A8485ED}.Debug|Any CPU.ActiveCfg = Debug|Any CPU
		{A0FFFCC1-51DE-DB93-CD62-97525A8485ED}.Debug|Any CPU.Build.0 = Debug|Any CPU
		{A0FFFCC1-51DE-DB93-CD62-97525A8485ED}.Release|Any CPU.ActiveCfg = Release|Any CPU
		{A0FFFCC1-51DE-DB93-CD62-97525A8485ED}.Release|Any CPU.Build.0 = Release|Any CPU
		{D0DA226A-703A-4332-94BE-0BBAB4303731}.Debug|Any CPU.ActiveCfg = Debug|Any CPU
		{D0DA226A-703A-4332-94BE-0BBAB4303731}.Debug|Any CPU.Build.0 = Debug|Any CPU
		{D0DA226A-703A-4332-94BE-0BBAB4303731}.Release|Any CPU.ActiveCfg = Release|Any CPU
		{D0DA226A-703A-4332-94BE-0BBAB4303731}.Release|Any CPU.Build.0 = Release|Any CPU
	EndGlobalSection
	GlobalSection(SolutionProperties) = preSolution
		HideSolutionNode = FALSE
	EndGlobalSection
	GlobalSection(NestedProjects) = preSolution
		{CA2170DB-8B02-4E20-9E77-FF3857A2F717} = {9B651AEA-0576-473A-A50B-7BE91D18DE36}
		{27F8FB9B-F4D2-4278-9626-7375586FD3CE} = {9B651AEA-0576-473A-A50B-7BE91D18DE36}
		{C02F4699-754A-474E-9A0C-F0AD128B27BE} = {9B651AEA-0576-473A-A50B-7BE91D18DE36}
		{9F083D4F-36CB-4C47-B02F-6EA291B6CFF0} = {9B651AEA-0576-473A-A50B-7BE91D18DE36}
		{7EE72DE7-3970-408C-90E6-FCA586591D42} = {9B651AEA-0576-473A-A50B-7BE91D18DE36}
		{54934C75-3AB9-4F44-AF5A-2AEC49091D7F} = {9B651AEA-0576-473A-A50B-7BE91D18DE36}
		{95436043-DD12-4C8D-ABF5-E28EBDB6E802} = {9B651AEA-0576-473A-A50B-7BE91D18DE36}
		{12AA9F75-8895-465B-9A18-4ABC0EA24920} = {9B651AEA-0576-473A-A50B-7BE91D18DE36}
		{69F98A79-652E-414C-A7FC-4DA9A7AA708D} = {9B651AEA-0576-473A-A50B-7BE91D18DE36}
		{3E866250-8701-4EEB-9C3D-208D80506C91} = {9B651AEA-0576-473A-A50B-7BE91D18DE36}
		{8F675221-DAC9-4428-9D2E-94F30E9B36BC} = {9B651AEA-0576-473A-A50B-7BE91D18DE36}
		{752DBA32-B77D-43F0-A234-F6F91C6BD2E4} = {9B651AEA-0576-473A-A50B-7BE91D18DE36}
		{77F698D7-93E6-48E3-B472-FF762362AE8F} = {9B651AEA-0576-473A-A50B-7BE91D18DE36}
		{5808FFB9-B544-C3CA-9698-9D5034FF9F14} = {9B651AEA-0576-473A-A50B-7BE91D18DE36}
		{FD491619-E812-E940-58DB-BD0B9DDF05BB} = {9B651AEA-0576-473A-A50B-7BE91D18DE36}
		{A0FFFCC1-51DE-DB93-CD62-97525A8485ED} = {9B651AEA-0576-473A-A50B-7BE91D18DE36}
		{D0DA226A-703A-4332-94BE-0BBAB4303731} = {A916640D-E281-4AB6-8B7B-EC1B03A87845}
	EndGlobalSection
	GlobalSection(ExtensibilityGlobals) = postSolution
		SolutionGuid = {82DE5949-AA71-4A02-9F1B-73EC7D36CE15}
	EndGlobalSection
EndGlobal
