
Microsoft Visual Studio Solution File, Format Version 12.00
# Visual Studio Version 17
VisualStudioVersion = 17.3.32922.545
MinimumVisualStudioVersion = 10.0.40219.1
Project("{FAE04EC0-301F-11D3-BF4B-00C04F79EFBC}") = "MGH.Swagger", "CrossCutting\MGH.Swagger\MGH.Swagger.csproj", "{FBAA58DA-883B-4262-BFC4-5A4B2FB2D4A1}"
EndProject
Project("{FAE04EC0-301F-11D3-BF4B-00C04F79EFBC}") = "MGH.ConsoleDocker", "Docker\MGH.ConsoleDocker\MGH.ConsoleDocker.csproj", "{ED63E7F6-841D-4C99-A311-4ED06A9CBB79}"
EndProject
Project("{FAE04EC0-301F-11D3-BF4B-00C04F79EFBC}") = "MGH.ApiDocker", "Docker\MGH.ApiDocker\MGH.ApiDocker.csproj", "{482E84B3-3C75-4327-817C-C169FCDF6697}"
EndProject
Project("{FAE04EC0-301F-11D3-BF4B-00C04F79EFBC}") = "MGH.DevExtreme", "CrossCutting\MGH.DevExtreme\MGH.DevExtreme.csproj", "{DCB722D2-3A90-415A-A5C0-AC2B71806AF2}"
EndProject
Project("{FAE04EC0-301F-11D3-BF4B-00C04F79EFBC}") = "MGH.Identity", "CrossCutting\MGH.Identity\MGH.Identity.csproj", "{8404E2CF-3B4B-42C0-A3F4-B2B68FA84C80}"
EndProject
Project("{FAE04EC0-301F-11D3-BF4B-00C04F79EFBC}") = "MGH.Exceptions", "CrossCutting\MGH.Exceptions\MGH.Exceptions.csproj", "{1C4B4E66-ACC5-4ED0-B5D7-DFDD2D78FC22}"
EndProject
Project("{FAE04EC0-301F-11D3-BF4B-00C04F79EFBC}") = "MGH.EntityFramework", "EF\MGH.EntityFramework\MGH.EntityFramework.csproj", "{87912E33-179F-472E-877D-E837F79C791C}"
EndProject
Project("{FAE04EC0-301F-11D3-BF4B-00C04F79EFBC}") = "MGH.Domain", "Core\MGH.Core.Domain\MGH.Core.Domain.csproj", "{69BD5D73-240C-434B-ADA4-4B13874682C2}"
EndProject
Project("{FAE04EC0-301F-11D3-BF4B-00C04F79EFBC}") = "MGH.Extensions", "CrossCutting\MGH.Extensions\MGH.Extensions.csproj", "{4E973262-33CA-455F-9E87-6FDEEF790FCD}"
EndProject
Project("{FAE04EC0-301F-11D3-BF4B-00C04F79EFBC}") = "MGH.EF.Persistence", "EF\MGH.EF.Persistence\MGH.EF.Persistence.csproj", "{78763BBB-21BF-401B-B81E-D96AF34730AE}"
EndProject
Project("{2150E333-8FDC-42A3-9474-1A3956D46DE8}") = "EF", "EF", "{9D0197BC-A138-497A-B1D8-A5AA11B58045}"
EndProject
Project("{FAE04EC0-301F-11D3-BF4B-00C04F79EFBC}") = "MGH.EF.API", "EF\MGH.EF.API\MGH.EF.API.csproj", "{496AD370-B08E-4B46-9ECE-38BEFC178638}"
EndProject
Project("{2150E333-8FDC-42A3-9474-1A3956D46DE8}") = "Docker", "Docker", "{1BA504F3-A79B-4ED0-909B-BD74FA5ED10B}"
EndProject
Project("{2150E333-8FDC-42A3-9474-1A3956D46DE8}") = "Core", "Core", "{43E1ABB3-3A34-445A-BE96-9242E2BF88A3}"
EndProject
Project("{2150E333-8FDC-42A3-9474-1A3956D46DE8}") = "CrossCutting", "CrossCutting", "{E019771B-77CF-4045-AEA2-EC2AD7B84D5F}"
EndProject
Project("{FAE04EC0-301F-11D3-BF4B-00C04F79EFBC}") = "MGH.Securirty", "Core\MGH.Core.Security\MGH.Core.Security.csproj", "{E7F2E218-2D72-44DD-803B-FB484B5BB9E3}"
EndProject
Project("{FAE04EC0-301F-11D3-BF4B-00C04F79EFBC}") = "MGH.Core.Application", "Core\MGH.Core.Application\MGH.Core.Application.csproj", "{8BCC0B4C-B0D2-4BD5-AC2A-1DEA1C842B61}"
EndProject
Project("{FAE04EC0-301F-11D3-BF4B-00C04F79EFBC}") = "MGH.Core.CrossCutting", "Core\MGH.Core.CrossCutting\MGH.Core.CrossCutting.csproj", "{48FDCF84-773A-4E31-8DC2-30688CA35A9B}"
EndProject

Global
	GlobalSection(SolutionConfigurationPlatforms) = preSolution
		Debug|Any CPU = Debug|Any CPU
		Release|Any CPU = Release|Any CPU
	EndGlobalSection
	GlobalSection(ProjectConfigurationPlatforms) = postSolution
		{FBAA58DA-883B-4262-BFC4-5A4B2FB2D4A1}.Debug|Any CPU.ActiveCfg = Debug|Any CPU
		{FBAA58DA-883B-4262-BFC4-5A4B2FB2D4A1}.Debug|Any CPU.Build.0 = Debug|Any CPU
		{FBAA58DA-883B-4262-BFC4-5A4B2FB2D4A1}.Release|Any CPU.ActiveCfg = Release|Any CPU
		{FBAA58DA-883B-4262-BFC4-5A4B2FB2D4A1}.Release|Any CPU.Build.0 = Release|Any CPU
		{ED63E7F6-841D-4C99-A311-4ED06A9CBB79}.Debug|Any CPU.ActiveCfg = Debug|Any CPU
		{ED63E7F6-841D-4C99-A311-4ED06A9CBB79}.Debug|Any CPU.Build.0 = Debug|Any CPU
		{ED63E7F6-841D-4C99-A311-4ED06A9CBB79}.Release|Any CPU.ActiveCfg = Release|Any CPU
		{ED63E7F6-841D-4C99-A311-4ED06A9CBB79}.Release|Any CPU.Build.0 = Release|Any CPU
		{482E84B3-3C75-4327-817C-C169FCDF6697}.Debug|Any CPU.ActiveCfg = Debug|Any CPU
		{482E84B3-3C75-4327-817C-C169FCDF6697}.Debug|Any CPU.Build.0 = Debug|Any CPU
		{482E84B3-3C75-4327-817C-C169FCDF6697}.Release|Any CPU.ActiveCfg = Release|Any CPU
		{482E84B3-3C75-4327-817C-C169FCDF6697}.Release|Any CPU.Build.0 = Release|Any CPU
		{DCB722D2-3A90-415A-A5C0-AC2B71806AF2}.Debug|Any CPU.ActiveCfg = Debug|Any CPU
		{DCB722D2-3A90-415A-A5C0-AC2B71806AF2}.Debug|Any CPU.Build.0 = Debug|Any CPU
		{DCB722D2-3A90-415A-A5C0-AC2B71806AF2}.Release|Any CPU.ActiveCfg = Release|Any CPU
		{DCB722D2-3A90-415A-A5C0-AC2B71806AF2}.Release|Any CPU.Build.0 = Release|Any CPU
		{8404E2CF-3B4B-42C0-A3F4-B2B68FA84C80}.Debug|Any CPU.ActiveCfg = Debug|Any CPU
		{8404E2CF-3B4B-42C0-A3F4-B2B68FA84C80}.Debug|Any CPU.Build.0 = Debug|Any CPU
		{8404E2CF-3B4B-42C0-A3F4-B2B68FA84C80}.Release|Any CPU.ActiveCfg = Release|Any CPU
		{8404E2CF-3B4B-42C0-A3F4-B2B68FA84C80}.Release|Any CPU.Build.0 = Release|Any CPU
		{1C4B4E66-ACC5-4ED0-B5D7-DFDD2D78FC22}.Debug|Any CPU.ActiveCfg = Debug|Any CPU
		{1C4B4E66-ACC5-4ED0-B5D7-DFDD2D78FC22}.Debug|Any CPU.Build.0 = Debug|Any CPU
		{1C4B4E66-ACC5-4ED0-B5D7-DFDD2D78FC22}.Release|Any CPU.ActiveCfg = Release|Any CPU
		{1C4B4E66-ACC5-4ED0-B5D7-DFDD2D78FC22}.Release|Any CPU.Build.0 = Release|Any CPU
		{87912E33-179F-472E-877D-E837F79C791C}.Debug|Any CPU.ActiveCfg = Debug|Any CPU
		{87912E33-179F-472E-877D-E837F79C791C}.Debug|Any CPU.Build.0 = Debug|Any CPU
		{87912E33-179F-472E-877D-E837F79C791C}.Release|Any CPU.ActiveCfg = Release|Any CPU
		{87912E33-179F-472E-877D-E837F79C791C}.Release|Any CPU.Build.0 = Release|Any CPU
		{69BD5D73-240C-434B-ADA4-4B13874682C2}.Debug|Any CPU.ActiveCfg = Debug|Any CPU
		{69BD5D73-240C-434B-ADA4-4B13874682C2}.Debug|Any CPU.Build.0 = Debug|Any CPU
		{69BD5D73-240C-434B-ADA4-4B13874682C2}.Release|Any CPU.ActiveCfg = Release|Any CPU
		{69BD5D73-240C-434B-ADA4-4B13874682C2}.Release|Any CPU.Build.0 = Release|Any CPU
		{4E973262-33CA-455F-9E87-6FDEEF790FCD}.Debug|Any CPU.ActiveCfg = Debug|Any CPU
		{4E973262-33CA-455F-9E87-6FDEEF790FCD}.Debug|Any CPU.Build.0 = Debug|Any CPU
		{4E973262-33CA-455F-9E87-6FDEEF790FCD}.Release|Any CPU.ActiveCfg = Release|Any CPU
		{4E973262-33CA-455F-9E87-6FDEEF790FCD}.Release|Any CPU.Build.0 = Release|Any CPU
		{78763BBB-21BF-401B-B81E-D96AF34730AE}.Debug|Any CPU.ActiveCfg = Debug|Any CPU
		{78763BBB-21BF-401B-B81E-D96AF34730AE}.Debug|Any CPU.Build.0 = Debug|Any CPU
		{78763BBB-21BF-401B-B81E-D96AF34730AE}.Release|Any CPU.ActiveCfg = Release|Any CPU
		{78763BBB-21BF-401B-B81E-D96AF34730AE}.Release|Any CPU.Build.0 = Release|Any CPU
		{496AD370-B08E-4B46-9ECE-38BEFC178638}.Debug|Any CPU.ActiveCfg = Debug|Any CPU
		{496AD370-B08E-4B46-9ECE-38BEFC178638}.Debug|Any CPU.Build.0 = Debug|Any CPU
		{496AD370-B08E-4B46-9ECE-38BEFC178638}.Release|Any CPU.ActiveCfg = Release|Any CPU
		{496AD370-B08E-4B46-9ECE-38BEFC178638}.Release|Any CPU.Build.0 = Release|Any CPU
		{E7F2E218-2D72-44DD-803B-FB484B5BB9E3}.Debug|Any CPU.ActiveCfg = Debug|Any CPU
		{E7F2E218-2D72-44DD-803B-FB484B5BB9E3}.Debug|Any CPU.Build.0 = Debug|Any CPU
		{E7F2E218-2D72-44DD-803B-FB484B5BB9E3}.Release|Any CPU.ActiveCfg = Release|Any CPU
		{E7F2E218-2D72-44DD-803B-FB484B5BB9E3}.Release|Any CPU.Build.0 = Release|Any CPU
		{8BCC0B4C-B0D2-4BD5-AC2A-1DEA1C842B61}.Debug|Any CPU.ActiveCfg = Debug|Any CPU
		{8BCC0B4C-B0D2-4BD5-AC2A-1DEA1C842B61}.Debug|Any CPU.Build.0 = Debug|Any CPU
		{8BCC0B4C-B0D2-4BD5-AC2A-1DEA1C842B61}.Release|Any CPU.ActiveCfg = Release|Any CPU
		{8BCC0B4C-B0D2-4BD5-AC2A-1DEA1C842B61}.Release|Any CPU.Build.0 = Release|Any CPU
		{48FDCF84-773A-4E31-8DC2-30688CA35A9B}.Debug|Any CPU.ActiveCfg = Debug|Any CPU
		{48FDCF84-773A-4E31-8DC2-30688CA35A9B}.Debug|Any CPU.Build.0 = Debug|Any CPU
		{48FDCF84-773A-4E31-8DC2-30688CA35A9B}.Release|Any CPU.ActiveCfg = Release|Any CPU
		{48FDCF84-773A-4E31-8DC2-30688CA35A9B}.Release|Any CPU.Build.0 = Release|Any CPU
	EndGlobalSection
	GlobalSection(SolutionProperties) = preSolution
		HideSolutionNode = FALSE
	EndGlobalSection
	GlobalSection(NestedProjects) = preSolution
		{496AD370-B08E-4B46-9ECE-38BEFC178638} = {9D0197BC-A138-497A-B1D8-A5AA11B58045}
		{78763BBB-21BF-401B-B81E-D96AF34730AE} = {9D0197BC-A138-497A-B1D8-A5AA11B58045}
		{482E84B3-3C75-4327-817C-C169FCDF6697} = {1BA504F3-A79B-4ED0-909B-BD74FA5ED10B}
		{ED63E7F6-841D-4C99-A311-4ED06A9CBB79} = {1BA504F3-A79B-4ED0-909B-BD74FA5ED10B}
		{87912E33-179F-472E-877D-E837F79C791C} = {9D0197BC-A138-497A-B1D8-A5AA11B58045}
		{DCB722D2-3A90-415A-A5C0-AC2B71806AF2} = {E019771B-77CF-4045-AEA2-EC2AD7B84D5F}
		{1C4B4E66-ACC5-4ED0-B5D7-DFDD2D78FC22} = {E019771B-77CF-4045-AEA2-EC2AD7B84D5F}
		{4E973262-33CA-455F-9E87-6FDEEF790FCD} = {E019771B-77CF-4045-AEA2-EC2AD7B84D5F}
		{8404E2CF-3B4B-42C0-A3F4-B2B68FA84C80} = {E019771B-77CF-4045-AEA2-EC2AD7B84D5F}
		{FBAA58DA-883B-4262-BFC4-5A4B2FB2D4A1} = {E019771B-77CF-4045-AEA2-EC2AD7B84D5F}
		{E7F2E218-2D72-44DD-803B-FB484B5BB9E3} = {43E1ABB3-3A34-445A-BE96-9242E2BF88A3}
		{69BD5D73-240C-434B-ADA4-4B13874682C2} = {43E1ABB3-3A34-445A-BE96-9242E2BF88A3}
		{8BCC0B4C-B0D2-4BD5-AC2A-1DEA1C842B61} = {43E1ABB3-3A34-445A-BE96-9242E2BF88A3}
		{48FDCF84-773A-4E31-8DC2-30688CA35A9B} = {43E1ABB3-3A34-445A-BE96-9242E2BF88A3}
	EndGlobalSection
	GlobalSection(ExtensibilityGlobals) = postSolution
		SolutionGuid = {82DE5949-AA71-4A02-9F1B-73EC7D36CE15}
	EndGlobalSection
EndGlobal
